
Microsoft Visual Studio Solution File, Format Version 12.00
# Visual Studio Version 16
VisualStudioVersion = 16.0.29201.188
MinimumVisualStudioVersion = 10.0.40219.1
Project("{9A19103F-16F7-4668-BE54-9A1E7A4F7556}") = "Notes.Web", "Notes.Web\Notes.Web.csproj", "{38717BBD-F3DF-43A8-8453-A83564430593}"
EndProject
Project("{2150E333-8FDC-42A3-9474-1A3956D46DE8}") = "Solution Items", "Solution Items", "{B6C5B571-1010-415F-B9E5-FCC8A02973A0}"
	ProjectSection(SolutionItems) = preProject
		.gitignore = .gitignore
		README.md = README.md
	EndProjectSection
EndProject
Global
	GlobalSection(SolutionConfigurationPlatforms) = preSolution
		Debug|Any CPU = Debug|Any CPU
		Release|Any CPU = Release|Any CPU
	EndGlobalSection
	GlobalSection(ProjectConfigurationPlatforms) = postSolution
		{38717BBD-F3DF-43A8-8453-A83564430593}.Debug|Any CPU.ActiveCfg = Debug|Any CPU
		{38717BBD-F3DF-43A8-8453-A83564430593}.Debug|Any CPU.Build.0 = Debug|Any CPU
		{38717BBD-F3DF-43A8-8453-A83564430593}.Release|Any CPU.ActiveCfg = Release|Any CPU
		{38717BBD-F3DF-43A8-8453-A83564430593}.Release|Any CPU.Build.0 = Release|Any CPU
	EndGlobalSection
	GlobalSection(SolutionProperties) = preSolution
		HideSolutionNode = FALSE
	EndGlobalSection
	GlobalSection(ExtensibilityGlobals) = postSolution
		SolutionGuid = {8E8A62B8-505B-4AAB-8B40-0ABFB5CE99F7}
	EndGlobalSection
EndGlobal
