
Microsoft Visual Studio Solution File, Format Version 12.00
# Visual Studio Version 16
VisualStudioVersion = 16.0.29709.97
MinimumVisualStudioVersion = 10.0.40219.1
Project("{FAE04EC0-301F-11D3-BF4B-00C04F79EFBC}") = "Notes.Web", "Notes.Web\Notes.Web.csproj", "{ABDB0B48-BB1F-454B-86A5-E0A2ADF21465}"
EndProject
Global
	GlobalSection(SolutionConfigurationPlatforms) = preSolution
		Debug|Any CPU = Debug|Any CPU
		Release|Any CPU = Release|Any CPU
	EndGlobalSection
	GlobalSection(ProjectConfigurationPlatforms) = postSolution
		{ABDB0B48-BB1F-454B-86A5-E0A2ADF21465}.Debug|Any CPU.ActiveCfg = Debug|Any CPU
		{ABDB0B48-BB1F-454B-86A5-E0A2ADF21465}.Debug|Any CPU.Build.0 = Debug|Any CPU
		{ABDB0B48-BB1F-454B-86A5-E0A2ADF21465}.Release|Any CPU.ActiveCfg = Release|Any CPU
		{ABDB0B48-BB1F-454B-86A5-E0A2ADF21465}.Release|Any CPU.Build.0 = Release|Any CPU
	EndGlobalSection
	GlobalSection(SolutionProperties) = preSolution
		HideSolutionNode = FALSE
	EndGlobalSection
	GlobalSection(ExtensibilityGlobals) = postSolution
		SolutionGuid = {3B20264D-7CAC-4FA7-AE68-9F4A39442336}
	EndGlobalSection
EndGlobal
